
Microsoft Visual Studio Solution File, Format Version 12.00
# Visual Studio Version 16
VisualStudioVersion = 16.0.30804.86
MinimumVisualStudioVersion = 10.0.40219.1
Project("{8BC9CEB8-8B4A-11D0-8D11-00A0C91BC942}") = "21812160_차태현_homework03-1", "21812160_차태현_homework03-1\21812160_차태현_homework03-1.vcxproj", "{5E1B98BE-EDD6-4AFF-B308-61440A061068}"
EndProject
Global
	GlobalSection(SolutionConfigurationPlatforms) = preSolution
		Debug|x64 = Debug|x64
		Debug|x86 = Debug|x86
		Release|x64 = Release|x64
		Release|x86 = Release|x86
	EndGlobalSection
	GlobalSection(ProjectConfigurationPlatforms) = postSolution
		{5E1B98BE-EDD6-4AFF-B308-61440A061068}.Debug|x64.ActiveCfg = Debug|x64
		{5E1B98BE-EDD6-4AFF-B308-61440A061068}.Debug|x64.Build.0 = Debug|x64
		{5E1B98BE-EDD6-4AFF-B308-61440A061068}.Debug|x86.ActiveCfg = Debug|Win32
		{5E1B98BE-EDD6-4AFF-B308-61440A061068}.Debug|x86.Build.0 = Debug|Win32
		{5E1B98BE-EDD6-4AFF-B308-61440A061068}.Release|x64.ActiveCfg = Release|x64
		{5E1B98BE-EDD6-4AFF-B308-61440A061068}.Release|x64.Build.0 = Release|x64
		{5E1B98BE-EDD6-4AFF-B308-61440A061068}.Release|x86.ActiveCfg = Release|Win32
		{5E1B98BE-EDD6-4AFF-B308-61440A061068}.Release|x86.Build.0 = Release|Win32
	EndGlobalSection
	GlobalSection(SolutionProperties) = preSolution
		HideSolutionNode = FALSE
	EndGlobalSection
	GlobalSection(ExtensibilityGlobals) = postSolution
		SolutionGuid = {99D26728-17D2-4ADB-920E-E84571C587DD}
	EndGlobalSection
EndGlobal
